
Microsoft Visual Studio Solution File, Format Version 12.00
# Visual Studio Version 16
VisualStudioVersion = 16.0.31129.286
MinimumVisualStudioVersion = 10.0.40219.1
Project("{9A19103F-16F7-4668-BE54-9A1E7A4F7556}") = "TTO.TodoApp", "TTO.TodoApp.csproj", "{BDC8AF89-7C9D-45C8-BD79-929650E764ED}"
EndProject
Project("{9A19103F-16F7-4668-BE54-9A1E7A4F7556}") = "TTO.TodoApp.Tests.Unit", "..\TTO.TodoApp.Tests.Unit\TTO.TodoApp.Tests.Unit.csproj", "{C76F0088-4E5E-4B56-93D8-5385BE6BE3B8}"
EndProject
Project("{9A19103F-16F7-4668-BE54-9A1E7A4F7556}") = "TTO.TodoApp.Tests.Integration", "..\TTO.TodoApp.Tests.Integration\TTO.TodoApp.Tests.Integration.csproj", "{12E6A5BD-DB9D-4FC2-BB67-DA22EA9DBD5C}"
EndProject
Global
	GlobalSection(SolutionConfigurationPlatforms) = preSolution
		Debug|Any CPU = Debug|Any CPU
		Release|Any CPU = Release|Any CPU
	EndGlobalSection
	GlobalSection(ProjectConfigurationPlatforms) = postSolution
		{BDC8AF89-7C9D-45C8-BD79-929650E764ED}.Debug|Any CPU.ActiveCfg = Debug|Any CPU
		{BDC8AF89-7C9D-45C8-BD79-929650E764ED}.Debug|Any CPU.Build.0 = Debug|Any CPU
		{BDC8AF89-7C9D-45C8-BD79-929650E764ED}.Release|Any CPU.ActiveCfg = Release|Any CPU
		{BDC8AF89-7C9D-45C8-BD79-929650E764ED}.Release|Any CPU.Build.0 = Release|Any CPU
		{C76F0088-4E5E-4B56-93D8-5385BE6BE3B8}.Debug|Any CPU.ActiveCfg = Debug|Any CPU
		{C76F0088-4E5E-4B56-93D8-5385BE6BE3B8}.Debug|Any CPU.Build.0 = Debug|Any CPU
		{C76F0088-4E5E-4B56-93D8-5385BE6BE3B8}.Release|Any CPU.ActiveCfg = Release|Any CPU
		{C76F0088-4E5E-4B56-93D8-5385BE6BE3B8}.Release|Any CPU.Build.0 = Release|Any CPU
		{12E6A5BD-DB9D-4FC2-BB67-DA22EA9DBD5C}.Debug|Any CPU.ActiveCfg = Debug|Any CPU
		{12E6A5BD-DB9D-4FC2-BB67-DA22EA9DBD5C}.Debug|Any CPU.Build.0 = Debug|Any CPU
		{12E6A5BD-DB9D-4FC2-BB67-DA22EA9DBD5C}.Release|Any CPU.ActiveCfg = Release|Any CPU
		{12E6A5BD-DB9D-4FC2-BB67-DA22EA9DBD5C}.Release|Any CPU.Build.0 = Release|Any CPU
	EndGlobalSection
	GlobalSection(SolutionProperties) = preSolution
		HideSolutionNode = FALSE
	EndGlobalSection
	GlobalSection(ExtensibilityGlobals) = postSolution
		SolutionGuid = {CB368992-570D-49C5-A335-F1184D7F9BC3}
	EndGlobalSection
EndGlobal
